
Microsoft Visual Studio Solution File, Format Version 12.00
# Visual Studio Version 17
VisualStudioVersion = 17.7.34024.191
MinimumVisualStudioVersion = 10.0.40219.1
Project("{FAE04EC0-301F-11D3-BF4B-00C04F79EFBC}") = "lab2sem2", "lab2sem2.csproj", "{93B5C8E0-1BF9-465E-9D70-3AAB576134F5}"
EndProject
Project("{FAE04EC0-301F-11D3-BF4B-00C04F79EFBC}") = "завдання2", "..\завдання2\завдання2.csproj", "{FABA2D72-4C3D-42D6-A348-382640FD74E6}"
EndProject
Project("{FAE04EC0-301F-11D3-BF4B-00C04F79EFBC}") = "завдання3", "..\завдання3\завдання3.csproj", "{EFDF38A6-F5B5-45B4-940D-F18972BDD216}"
EndProject
Global
	GlobalSection(SolutionConfigurationPlatforms) = preSolution
		Debug|Any CPU = Debug|Any CPU
		Release|Any CPU = Release|Any CPU
	EndGlobalSection
	GlobalSection(ProjectConfigurationPlatforms) = postSolution
		{93B5C8E0-1BF9-465E-9D70-3AAB576134F5}.Debug|Any CPU.ActiveCfg = Debug|Any CPU
		{93B5C8E0-1BF9-465E-9D70-3AAB576134F5}.Debug|Any CPU.Build.0 = Debug|Any CPU
		{93B5C8E0-1BF9-465E-9D70-3AAB576134F5}.Release|Any CPU.ActiveCfg = Release|Any CPU
		{93B5C8E0-1BF9-465E-9D70-3AAB576134F5}.Release|Any CPU.Build.0 = Release|Any CPU
		{FABA2D72-4C3D-42D6-A348-382640FD74E6}.Debug|Any CPU.ActiveCfg = Debug|Any CPU
		{FABA2D72-4C3D-42D6-A348-382640FD74E6}.Debug|Any CPU.Build.0 = Debug|Any CPU
		{FABA2D72-4C3D-42D6-A348-382640FD74E6}.Release|Any CPU.ActiveCfg = Release|Any CPU
		{FABA2D72-4C3D-42D6-A348-382640FD74E6}.Release|Any CPU.Build.0 = Release|Any CPU
		{EFDF38A6-F5B5-45B4-940D-F18972BDD216}.Debug|Any CPU.ActiveCfg = Debug|Any CPU
		{EFDF38A6-F5B5-45B4-940D-F18972BDD216}.Debug|Any CPU.Build.0 = Debug|Any CPU
		{EFDF38A6-F5B5-45B4-940D-F18972BDD216}.Release|Any CPU.ActiveCfg = Release|Any CPU
		{EFDF38A6-F5B5-45B4-940D-F18972BDD216}.Release|Any CPU.Build.0 = Release|Any CPU
	EndGlobalSection
	GlobalSection(SolutionProperties) = preSolution
		HideSolutionNode = FALSE
	EndGlobalSection
	GlobalSection(ExtensibilityGlobals) = postSolution
		SolutionGuid = {9026437F-D94A-45F9-B0A9-5E55227404F2}
	EndGlobalSection
EndGlobal
